
Microsoft Visual Studio Solution File, Format Version 12.00
# Visual Studio 15
VisualStudioVersion = 15.0.28307.168
MinimumVisualStudioVersion = 10.0.40219.1
Project("{FAE04EC0-301F-11D3-BF4B-00C04F79EFBC}") = "Treinamento", "Treinamento\Treinamento.csproj", "{8C35BFE0-6C3D-4052-92C6-1E60D117CA25}"
EndProject
Global
	GlobalSection(SolutionConfigurationPlatforms) = preSolution
		Debug|Any CPU = Debug|Any CPU
		Release|Any CPU = Release|Any CPU
	EndGlobalSection
	GlobalSection(ProjectConfigurationPlatforms) = postSolution
		{8C35BFE0-6C3D-4052-92C6-1E60D117CA25}.Debug|Any CPU.ActiveCfg = Debug|Any CPU
		{8C35BFE0-6C3D-4052-92C6-1E60D117CA25}.Debug|Any CPU.Build.0 = Debug|Any CPU
		{8C35BFE0-6C3D-4052-92C6-1E60D117CA25}.Release|Any CPU.ActiveCfg = Release|Any CPU
		{8C35BFE0-6C3D-4052-92C6-1E60D117CA25}.Release|Any CPU.Build.0 = Release|Any CPU
	EndGlobalSection
	GlobalSection(SolutionProperties) = preSolution
		HideSolutionNode = FALSE
	EndGlobalSection
	GlobalSection(ExtensibilityGlobals) = postSolution
		SolutionGuid = {0754D6D1-B9AB-4226-BE22-904DEA121DE2}
	EndGlobalSection
EndGlobal
